
Microsoft Visual Studio Solution File, Format Version 12.00
# Visual Studio 15
VisualStudioVersion = 15.0.26430.15
MinimumVisualStudioVersion = 10.0.40219.1
Project("{FAE04EC0-301F-11D3-BF4B-00C04F79EFBC}") = "SeleniumTraining", "SeleniumTraining\SeleniumTraining.csproj", "{5B0AE116-8FB8-4B4A-8029-2EF5FE4D29B4}"
EndProject
Project("{FAE04EC0-301F-11D3-BF4B-00C04F79EFBC}") = "ConsoleApp1", "ConsoleApp1\ConsoleApp1.csproj", "{5775D831-6225-48A3-87A3-C27AC9CE61FC}"
EndProject
Global
	GlobalSection(SolutionConfigurationPlatforms) = preSolution
		Debug|Any CPU = Debug|Any CPU
		Release|Any CPU = Release|Any CPU
	EndGlobalSection
	GlobalSection(ProjectConfigurationPlatforms) = postSolution
		{5B0AE116-8FB8-4B4A-8029-2EF5FE4D29B4}.Debug|Any CPU.ActiveCfg = Debug|Any CPU
		{5B0AE116-8FB8-4B4A-8029-2EF5FE4D29B4}.Debug|Any CPU.Build.0 = Debug|Any CPU
		{5B0AE116-8FB8-4B4A-8029-2EF5FE4D29B4}.Release|Any CPU.ActiveCfg = Release|Any CPU
		{5B0AE116-8FB8-4B4A-8029-2EF5FE4D29B4}.Release|Any CPU.Build.0 = Release|Any CPU
		{5775D831-6225-48A3-87A3-C27AC9CE61FC}.Debug|Any CPU.ActiveCfg = Release|Any CPU
		{5775D831-6225-48A3-87A3-C27AC9CE61FC}.Debug|Any CPU.Build.0 = Release|Any CPU
		{5775D831-6225-48A3-87A3-C27AC9CE61FC}.Release|Any CPU.ActiveCfg = Release|Any CPU
		{5775D831-6225-48A3-87A3-C27AC9CE61FC}.Release|Any CPU.Build.0 = Release|Any CPU
	EndGlobalSection
	GlobalSection(SolutionProperties) = preSolution
		HideSolutionNode = FALSE
	EndGlobalSection
EndGlobal
